
Microsoft Visual Studio Solution File, Format Version 12.00
# Visual Studio Version 16
VisualStudioVersion = 16.0.30804.86
MinimumVisualStudioVersion = 10.0.40219.1
Project("{FAE04EC0-301F-11D3-BF4B-00C04F79EFBC}") = "Projekt_programowanie_obiektowe", "Projekt_programowanie_obiektowe\Projekt_programowanie_obiektowe.csproj", "{34D30C92-DC3E-4A34-BB19-42658CAE631B}"
EndProject
Project("{54435603-DBB4-11D2-8724-00A0C9A8B90C}") = "Przychodnia Setup", "Przychodnia Setup\Przychodnia Setup.vdproj", "{F4DEB1A4-C3E0-4AFD-A434-6C966410B044}"
EndProject
Global
	GlobalSection(SolutionConfigurationPlatforms) = preSolution
		Debug|Any CPU = Debug|Any CPU
		Release|Any CPU = Release|Any CPU
	EndGlobalSection
	GlobalSection(ProjectConfigurationPlatforms) = postSolution
		{34D30C92-DC3E-4A34-BB19-42658CAE631B}.Debug|Any CPU.ActiveCfg = Debug|Any CPU
		{34D30C92-DC3E-4A34-BB19-42658CAE631B}.Debug|Any CPU.Build.0 = Debug|Any CPU
		{34D30C92-DC3E-4A34-BB19-42658CAE631B}.Release|Any CPU.ActiveCfg = Release|Any CPU
		{34D30C92-DC3E-4A34-BB19-42658CAE631B}.Release|Any CPU.Build.0 = Release|Any CPU
		{F4DEB1A4-C3E0-4AFD-A434-6C966410B044}.Debug|Any CPU.ActiveCfg = Debug
		{F4DEB1A4-C3E0-4AFD-A434-6C966410B044}.Release|Any CPU.ActiveCfg = Release
	EndGlobalSection
	GlobalSection(SolutionProperties) = preSolution
		HideSolutionNode = FALSE
	EndGlobalSection
	GlobalSection(ExtensibilityGlobals) = postSolution
		SolutionGuid = {32DF3272-BFB3-43C2-A80B-CF3171D9CECC}
	EndGlobalSection
EndGlobal
